
Microsoft Visual Studio Solution File, Format Version 12.00
# Visual Studio Version 17
VisualStudioVersion = 17.0.32126.317
MinimumVisualStudioVersion = 10.0.40219.1
Project("{9A19103F-16F7-4668-BE54-9A1E7A4F7556}") = "CoreBusiness", "CoreBusiness\CoreBusiness.csproj", "{32026D47-EA73-4924-9233-A45FEE0FFFEA}"
EndProject
Project("{9A19103F-16F7-4668-BE54-9A1E7A4F7556}") = "UseCases", "UseCases\UseCases.csproj", "{3DAAC90C-8AD0-4709-A1DF-D0DF14AC08B1}"
EndProject
Project("{9A19103F-16F7-4668-BE54-9A1E7A4F7556}") = "Plugins.DataStore.SQL", "Plugins.DataStore.SQL\Plugins.DataStore.SQL.csproj", "{FEC2E838-5400-4601-8CA5-C4C93D59689F}"
EndProject
Project("{9A19103F-16F7-4668-BE54-9A1E7A4F7556}") = "Plugins.DataStore.InMemory", "Plugins.DataStore.InMemory\Plugins.DataStore.InMemory.csproj", "{D9A91B8F-18FE-447F-9C87-7C87A9980803}"
EndProject
Project("{9A19103F-16F7-4668-BE54-9A1E7A4F7556}") = "WebApp", "WebApp\WebApp.csproj", "{B1441A58-37F5-44ED-BBBE-B0DA2B146EFF}"
EndProject
Global
	GlobalSection(SolutionConfigurationPlatforms) = preSolution
		Debug|Any CPU = Debug|Any CPU
		Release|Any CPU = Release|Any CPU
	EndGlobalSection
	GlobalSection(ProjectConfigurationPlatforms) = postSolution
		{32026D47-EA73-4924-9233-A45FEE0FFFEA}.Debug|Any CPU.ActiveCfg = Debug|Any CPU
		{32026D47-EA73-4924-9233-A45FEE0FFFEA}.Debug|Any CPU.Build.0 = Debug|Any CPU
		{32026D47-EA73-4924-9233-A45FEE0FFFEA}.Release|Any CPU.ActiveCfg = Release|Any CPU
		{32026D47-EA73-4924-9233-A45FEE0FFFEA}.Release|Any CPU.Build.0 = Release|Any CPU
		{3DAAC90C-8AD0-4709-A1DF-D0DF14AC08B1}.Debug|Any CPU.ActiveCfg = Debug|Any CPU
		{3DAAC90C-8AD0-4709-A1DF-D0DF14AC08B1}.Debug|Any CPU.Build.0 = Debug|Any CPU
		{3DAAC90C-8AD0-4709-A1DF-D0DF14AC08B1}.Release|Any CPU.ActiveCfg = Release|Any CPU
		{3DAAC90C-8AD0-4709-A1DF-D0DF14AC08B1}.Release|Any CPU.Build.0 = Release|Any CPU
		{FEC2E838-5400-4601-8CA5-C4C93D59689F}.Debug|Any CPU.ActiveCfg = Debug|Any CPU
		{FEC2E838-5400-4601-8CA5-C4C93D59689F}.Debug|Any CPU.Build.0 = Debug|Any CPU
		{FEC2E838-5400-4601-8CA5-C4C93D59689F}.Release|Any CPU.ActiveCfg = Release|Any CPU
		{FEC2E838-5400-4601-8CA5-C4C93D59689F}.Release|Any CPU.Build.0 = Release|Any CPU
		{D9A91B8F-18FE-447F-9C87-7C87A9980803}.Debug|Any CPU.ActiveCfg = Debug|Any CPU
		{D9A91B8F-18FE-447F-9C87-7C87A9980803}.Debug|Any CPU.Build.0 = Debug|Any CPU
		{D9A91B8F-18FE-447F-9C87-7C87A9980803}.Release|Any CPU.ActiveCfg = Release|Any CPU
		{D9A91B8F-18FE-447F-9C87-7C87A9980803}.Release|Any CPU.Build.0 = Release|Any CPU
		{B1441A58-37F5-44ED-BBBE-B0DA2B146EFF}.Debug|Any CPU.ActiveCfg = Debug|Any CPU
		{B1441A58-37F5-44ED-BBBE-B0DA2B146EFF}.Debug|Any CPU.Build.0 = Debug|Any CPU
		{B1441A58-37F5-44ED-BBBE-B0DA2B146EFF}.Release|Any CPU.ActiveCfg = Release|Any CPU
		{B1441A58-37F5-44ED-BBBE-B0DA2B146EFF}.Release|Any CPU.Build.0 = Release|Any CPU
	EndGlobalSection
	GlobalSection(SolutionProperties) = preSolution
		HideSolutionNode = FALSE
	EndGlobalSection
	GlobalSection(ExtensibilityGlobals) = postSolution
		SolutionGuid = {A22DAF5E-1BFE-4DC2-BE02-434AF6DB0515}
	EndGlobalSection
EndGlobal
